
Microsoft Visual Studio Solution File, Format Version 12.00
# Visual Studio 15
Project("{FAE04EC0-301F-11D3-BF4B-00C04F79EFBC}") = "Assembly-CSharp", "Assembly-CSharp.csproj", "{48720941-8379-532A-2D29-3A7E5A9E01E3}"
EndProject
Global
	GlobalSection(SolutionConfigurationPlatforms) = preSolution
		Debug|Any CPU = Debug|Any CPU
		Release|Any CPU = Release|Any CPU
	EndGlobalSection
	GlobalSection(ProjectConfigurationPlatforms) = postSolution
		{48720941-8379-532A-2D29-3A7E5A9E01E3}.Debug|Any CPU.ActiveCfg = Debug|Any CPU
		{48720941-8379-532A-2D29-3A7E5A9E01E3}.Debug|Any CPU.Build.0 = Debug|Any CPU
		{48720941-8379-532A-2D29-3A7E5A9E01E3}.Release|Any CPU.ActiveCfg = Release|Any CPU
		{48720941-8379-532A-2D29-3A7E5A9E01E3}.Release|Any CPU.Build.0 = Release|Any CPU
	EndGlobalSection
	GlobalSection(SolutionProperties) = preSolution
		HideSolutionNode = FALSE
	EndGlobalSection
EndGlobal
