
Microsoft Visual Studio Solution File, Format Version 12.00
# Visual Studio 15
Project("{FAE04EC0-301F-11D3-BF4B-00C04F79EFBC}") = "Assembly-CSharp", "Assembly-CSharp.csproj", "{518598A7-111D-47A5-DE32-F45BC616AF20}"
EndProject
Project("{FAE04EC0-301F-11D3-BF4B-00C04F79EFBC}") = "Assembly-CSharp-Editor", "Assembly-CSharp-Editor.csproj", "{033A42CA-BFC2-66B0-5FC9-717D9AB54608}"
EndProject
Global
	GlobalSection(SolutionConfigurationPlatforms) = preSolution
		Debug|Any CPU = Debug|Any CPU
		Release|Any CPU = Release|Any CPU
	EndGlobalSection
	GlobalSection(ProjectConfigurationPlatforms) = postSolution
		{518598A7-111D-47A5-DE32-F45BC616AF20}.Debug|Any CPU.ActiveCfg = Debug|Any CPU
		{518598A7-111D-47A5-DE32-F45BC616AF20}.Debug|Any CPU.Build.0 = Debug|Any CPU
		{518598A7-111D-47A5-DE32-F45BC616AF20}.Release|Any CPU.ActiveCfg = Release|Any CPU
		{518598A7-111D-47A5-DE32-F45BC616AF20}.Release|Any CPU.Build.0 = Release|Any CPU
		{033A42CA-BFC2-66B0-5FC9-717D9AB54608}.Debug|Any CPU.ActiveCfg = Debug|Any CPU
		{033A42CA-BFC2-66B0-5FC9-717D9AB54608}.Debug|Any CPU.Build.0 = Debug|Any CPU
		{033A42CA-BFC2-66B0-5FC9-717D9AB54608}.Release|Any CPU.ActiveCfg = Release|Any CPU
		{033A42CA-BFC2-66B0-5FC9-717D9AB54608}.Release|Any CPU.Build.0 = Release|Any CPU
	EndGlobalSection
	GlobalSection(SolutionProperties) = preSolution
		HideSolutionNode = FALSE
	EndGlobalSection
EndGlobal
